
Microsoft Visual Studio Solution File, Format Version 12.00
# Visual Studio 15
VisualStudioVersion = 15.0.27004.2005
MinimumVisualStudioVersion = 10.0.40219.1
Project("{FAE04EC0-301F-11D3-BF4B-00C04F79EFBC}") = "AppTest", "AppTest\AppTest.csproj", "{AD3CD8EE-8A18-40B0-B2ED-26A2819077CF}"
EndProject
Global
	GlobalSection(SolutionConfigurationPlatforms) = preSolution
		Debug|Any CPU = Debug|Any CPU
		Release|Any CPU = Release|Any CPU
	EndGlobalSection
	GlobalSection(ProjectConfigurationPlatforms) = postSolution
		{AD3CD8EE-8A18-40B0-B2ED-26A2819077CF}.Debug|Any CPU.ActiveCfg = Debug|Any CPU
		{AD3CD8EE-8A18-40B0-B2ED-26A2819077CF}.Debug|Any CPU.Build.0 = Debug|Any CPU
		{AD3CD8EE-8A18-40B0-B2ED-26A2819077CF}.Debug|Any CPU.Deploy.0 = Debug|Any CPU
		{AD3CD8EE-8A18-40B0-B2ED-26A2819077CF}.Release|Any CPU.ActiveCfg = Release|Any CPU
		{AD3CD8EE-8A18-40B0-B2ED-26A2819077CF}.Release|Any CPU.Build.0 = Release|Any CPU
		{AD3CD8EE-8A18-40B0-B2ED-26A2819077CF}.Release|Any CPU.Deploy.0 = Release|Any CPU
	EndGlobalSection
	GlobalSection(SolutionProperties) = preSolution
		HideSolutionNode = FALSE
	EndGlobalSection
	GlobalSection(ExtensibilityGlobals) = postSolution
		SolutionGuid = {43132D75-E970-4087-952A-E62CDE65C752}
	EndGlobalSection
EndGlobal
